{
    "_readme": [
        "This file locks the dependencies of your project to a known state",
        "Read more about it at https://getcomposer.org/doc/01-basic-usage.md#installing-dependencies",
        "This file is @generated automatically"
    ],
    "content-hash": "a358b4c79ed16c0eb5dc70789baf0b78",
    "packages": [],
    "packages-dev": [
        {
            "name": "nethergamesmc/libanticheat",
            "version": "dev-master",
            "source": {
                "type": "git",
                "url": "git@github.com:NetherGamesMC/libAnticheat.git",
                "reference": "f551f4c6439c5d93003e9620d7e1326d03450d97"
            },
            "dist": {
                "type": "zip",
                "url": "https://api.github.com/repos/NetherGamesMC/libAnticheat/zipball/f551f4c6439c5d93003e9620d7e1326d03450d97",
                "reference": "f551f4c6439c5d93003e9620d7e1326d03450d97",
                "shasum": ""
            },
            "require": {
                "php": "^7.4 || ^8.0"
            },
            "require-dev": {
                "nethergamesmc/ngessentials": "dev-master",
                "phpstan/phpstan": "1.7.14"
            },
            "default-branch": true,
            "type": "project",
            "autoload": {
                "psr-4": {
                    "libAnticheat\\": "/"
                }
            },
            "license": [
                "proprietary"
            ],
            "description": "An AntiCheat library for PocketMine-MP",
            "support": {
                "source": "https://github.com/NetherGamesMC/libAnticheat/tree/master",
                "issues": "https://github.com/NetherGamesMC/libAnticheat/issues"
            },
            "time": "2022-09-18T18:52:29+00:00"
        },
        {
            "name": "nethergamesmc/libasyncio",
            "version": "dev-master",
            "source": {
                "type": "git",
                "url": "git@github.com:NetherGamesMC/libasyncio.git",
                "reference": "2c8fb683e2a65fa2f143cbf830098986505e7964"
            },
            "dist": {
                "type": "zip",
                "url": "https://api.github.com/repos/NetherGamesMC/libasyncio/zipball/2c8fb683e2a65fa2f143cbf830098986505e7964",
                "reference": "2c8fb683e2a65fa2f143cbf830098986505e7964",
                "shasum": ""
            },
            "require": {
                "ext-igbinary": "*",
                "php": "^8.0"
            },
            "require-dev": {
                "nethergamesmc/ngessentials": "dev-master",
                "phpstan/phpstan": "1.7.14"
            },
            "default-branch": true,
            "type": "project",
            "autoload": {
                "psr-4": {
                    "libasyncio\\": "/"
                }
            },
            "license": [
                "proprietary"
            ],
            "description": "An async library for PocketMine-MP",
            "support": {
                "source": "https://github.com/NetherGamesMC/libasyncio/tree/master"
            },
            "time": "2022-09-18T18:52:33+00:00"
        },
        {
            "name": "nethergamesmc/libasyncurl",
            "version": "dev-master",
            "source": {
                "type": "git",
                "url": "https://github.com/NetherGamesMC/libasynCurl.git",
                "reference": "53aeb7acf897932d6ba4371a9394a1fe2814658b"
            },
            "dist": {
                "type": "zip",
                "url": "https://api.github.com/repos/NetherGamesMC/libasynCurl/zipball/53aeb7acf897932d6ba4371a9394a1fe2814658b",
                "reference": "53aeb7acf897932d6ba4371a9394a1fe2814658b",
                "shasum": ""
            },
            "require": {
                "ext-igbinary": "*",
                "php": "^8.0"
            },
            "require-dev": {
                "phpstan/phpstan": "1.8.5"
            },
            "default-branch": true,
            "type": "project",
            "autoload": {
                "psr-4": {
                    "libasynCurl\\": "/"
                }
            },
            "license": [
                "proprietary"
            ],
            "description": "An async Curl library for PocketMine-MP",
            "support": {
                "source": "https://github.com/NetherGamesMC/libasynCurl/tree/master",
                "issues": "https://github.com/NetherGamesMC/libasynCurl/issues"
            },
            "time": "2022-09-18T18:52:39+00:00"
        },
        {
            "name": "nethergamesmc/libdiscord",
            "version": "dev-master",
            "source": {
                "type": "git",
                "url": "git@github.com:NetherGamesMC/libDiscord.git",
                "reference": "d5bc49342d702661f10f5b82dc12b899ce63f11f"
            },
            "dist": {
                "type": "zip",
                "url": "https://api.github.com/repos/NetherGamesMC/libDiscord/zipball/d5bc49342d702661f10f5b82dc12b899ce63f11f",
                "reference": "d5bc49342d702661f10f5b82dc12b899ce63f11f",
                "shasum": ""
            },
            "require": {
                "nethergamesmc/libasyncurl": "dev-master",
                "php": "^8.0"
            },
            "require-dev": {
                "phpstan/phpstan": "1.8.5"
            },
            "default-branch": true,
            "type": "project",
            "autoload": {
                "psr-4": {
                    "libDiscord\\": "/"
                }
            },
            "license": [
                "proprietary"
            ],
            "description": "A library for the Discord API",
            "support": {
                "source": "https://github.com/NetherGamesMC/libDiscord/tree/master",
                "issues": "https://github.com/NetherGamesMC/libDiscord/issues"
            },
            "time": "2022-09-18T18:52:49+00:00"
        },
        {
            "name": "nethergamesmc/libforms",
            "version": "dev-master",
            "source": {
                "type": "git",
                "url": "git@github.com:NetherGamesMC/libforms.git",
                "reference": "0a495e278df6bd98a456dd34201c8cf1fc532240"
            },
            "dist": {
                "type": "zip",
                "url": "https://api.github.com/repos/NetherGamesMC/libforms/zipball/0a495e278df6bd98a456dd34201c8cf1fc532240",
                "reference": "0a495e278df6bd98a456dd34201c8cf1fc532240",
                "shasum": ""
            },
            "require": {
                "ext-json": "*",
                "php": "^8.0"
            },
            "require-dev": {
                "nethergamesmc/ngessentials": "dev-master",
                "phpstan/phpstan": "1.2.0"
            },
            "default-branch": true,
            "type": "project",
            "autoload": {
                "psr-4": {
                    "libforms\\": "/"
                }
            },
            "license": [
                "proprietary"
            ],
            "description": "A forms library for PocketMine-MP",
            "support": {
                "source": "https://github.com/NetherGamesMC/libforms/tree/master"
            },
            "time": "2022-09-18T19:12:01+00:00"
        },
        {
            "name": "nethergamesmc/liblokilogger",
            "version": "dev-master",
            "source": {
                "type": "git",
                "url": "https://github.com/NetherGamesMC/libLokiLogger.git",
                "reference": "0781c63b08d7293be77cec857d76349f06d5e097"
            },
            "dist": {
                "type": "zip",
                "url": "https://api.github.com/repos/NetherGamesMC/libLokiLogger/zipball/0781c63b08d7293be77cec857d76349f06d5e097",
                "reference": "0781c63b08d7293be77cec857d76349f06d5e097",
                "shasum": ""
            },
            "require": {
                "php": "^8.0"
            },
            "require-dev": {
                "phpstan/phpstan": "1.8.5",
                "pocketmine/pocketmine-mp": "dev-stable"
            },
            "default-branch": true,
            "type": "project",
            "autoload": {
                "psr-4": {
                    "libLokiLogger\\": "/"
                }
            },
            "notification-url": "https://packagist.org/downloads/",
            "license": [
                "GPL-2.0+"
            ],
            "description": "Small and compact Grafana Loki logger for PocketMine-MP",
            "support": {
                "issues": "https://github.com/NetherGamesMC/libLokiLogger/issues",
                "source": "https://github.com/NetherGamesMC/libLokiLogger/tree/master"
            },
            "time": "2022-09-08T15:19:50+00:00"
        },
        {
            "name": "nethergamesmc/libminigames",
            "version": "dev-master",
            "source": {
                "type": "git",
                "url": "git@github.com:NetherGamesMC/libminigames.git",
                "reference": "2b5069b78aec2454bb9ca42f56e147df7e894253"
            },
            "dist": {
                "type": "zip",
                "url": "https://api.github.com/repos/NetherGamesMC/libminigames/zipball/2b5069b78aec2454bb9ca42f56e147df7e894253",
                "reference": "2b5069b78aec2454bb9ca42f56e147df7e894253",
                "shasum": ""
            },
            "require": {
                "php": "^8.0"
            },
            "require-dev": {
                "nethergamesmc/libforms": "dev-master",
                "nethergamesmc/ngessentials": "dev-master",
                "phpstan/phpstan": "1.7.14"
            },
            "default-branch": true,
            "type": "project",
            "autoload": {
                "psr-4": {
                    "libminigames\\": "/"
                }
            },
            "license": [
                "proprietary"
            ],
            "description": "A Minigame library for PocketMine-MP",
            "support": {
                "source": "https://github.com/NetherGamesMC/libminigames/tree/master",
                "issues": "https://github.com/NetherGamesMC/libminigames/issues"
            },
            "time": "2022-09-18T18:53:28+00:00"
        },
        {
            "name": "nethergamesmc/libnetsys",
            "version": "dev-master",
            "source": {
                "type": "git",
                "url": "git@github.com:NetherGamesMC/libnetsys.git",
                "reference": "5be808815273735515b2d0a951f02fab8110c633"
            },
            "dist": {
                "type": "zip",
                "url": "https://api.github.com/repos/NetherGamesMC/libnetsys/zipball/5be808815273735515b2d0a951f02fab8110c633",
                "reference": "5be808815273735515b2d0a951f02fab8110c633",
                "shasum": ""
            },
            "require": {
                "ext-pthreads": "*",
                "ext-sockets": "*",
                "php": "^8.0"
            },
            "require-dev": {
                "nethergamesmc/ngessentials": "dev-master",
                "phpstan/phpstan": "1.2.0"
            },
            "default-branch": true,
            "type": "project",
            "autoload": {
                "psr-4": {
                    "libnetsys\\": "/"
                }
            },
            "license": [
                "proprietary"
            ],
            "description": "A NetSys library for PocketMine-MP",
            "support": {
                "source": "https://github.com/NetherGamesMC/libnetsys/tree/master",
                "issues": "https://github.com/NetherGamesMC/libnetsys/issues"
            },
            "time": "2022-09-18T19:12:51+00:00"
        },
        {
            "name": "nethergamesmc/libphysx",
            "version": "dev-master",
            "source": {
                "type": "git",
                "url": "git@github.com:NetherGamesMC/libPhysX.git",
                "reference": "e7fd80e30cb9a035ca9ef4931e43a06ce16fe39b"
            },
            "dist": {
                "type": "zip",
                "url": "https://api.github.com/repos/NetherGamesMC/libPhysX/zipball/e7fd80e30cb9a035ca9ef4931e43a06ce16fe39b",
                "reference": "e7fd80e30cb9a035ca9ef4931e43a06ce16fe39b",
                "shasum": ""
            },
            "require": {
                "php": "^8.0"
            },
            "require-dev": {
                "phpstan/phpstan": "1.8.5"
            },
            "default-branch": true,
            "type": "project",
            "autoload": {
                "psr-4": {
                    "libPhysX\\": "/"
                }
            },
            "license": [
                "proprietary"
            ],
            "description": "An PhysX library for PocketMine-MP",
            "support": {
                "source": "https://github.com/NetherGamesMC/libPhysX/tree/master"
            },
            "time": "2022-09-18T18:53:51+00:00"
        },
        {
            "name": "nethergamesmc/libproxy",
            "version": "dev-master",
            "source": {
                "type": "git",
                "url": "https://github.com/NetherGamesMC/libproxy.git",
                "reference": "e12563f87dd3b115eb37b290a3f0b93f05e6fd59"
            },
            "dist": {
                "type": "zip",
                "url": "https://api.github.com/repos/NetherGamesMC/libproxy/zipball/e12563f87dd3b115eb37b290a3f0b93f05e6fd59",
                "reference": "e12563f87dd3b115eb37b290a3f0b93f05e6fd59",
                "shasum": ""
            },
            "require": {
                "ext-pthreads": "*",
                "ext-sockets": "*",
                "php": "^8.0"
            },
            "require-dev": {
                "phpstan/phpstan": "1.7.15"
            },
            "default-branch": true,
            "type": "project",
            "autoload": {
                "psr-4": {
                    "libproxy\\": "/"
                }
            },
            "license": [
                "proprietary"
            ],
            "description": "An TCP proxy library for PocketMine-MP",
            "support": {
                "source": "https://github.com/NetherGamesMC/libproxy/tree/master",
                "issues": "https://github.com/NetherGamesMC/libproxy/issues"
            },
            "time": "2022-09-18T18:54:05+00:00"
        },
        {
            "name": "nethergamesmc/libreplay",
            "version": "dev-master",
            "source": {
                "type": "git",
                "url": "git@github.com:NetherGamesMC/libReplay.git",
                "reference": "527cc93c25b99c8fb96e8b9dc9be5215f19d5fa3"
            },
            "dist": {
                "type": "zip",
                "url": "https://api.github.com/repos/NetherGamesMC/libReplay/zipball/527cc93c25b99c8fb96e8b9dc9be5215f19d5fa3",
                "reference": "527cc93c25b99c8fb96e8b9dc9be5215f19d5fa3",
                "shasum": ""
            },
            "require": {
                "ext-igbinary": "*",
                "php": "^8.0"
            },
            "require-dev": {
                "nethergamesmc/ngessentials": "dev-master",
                "phpstan/phpstan": "1.8.2"
            },
            "default-branch": true,
            "type": "project",
            "autoload": {
                "psr-4": {
                    "libReplay\\": "/"
                }
            },
            "license": [
                "proprietary"
            ],
            "description": "A Replay library for PocketMine-MP",
            "support": {
                "source": "https://github.com/NetherGamesMC/libReplay/tree/master",
                "issues": "https://github.com/NetherGamesMC/libReplay/issues"
            },
            "time": "2022-09-18T19:13:34+00:00"
        },
        {
            "name": "nethergamesmc/libvanilla",
            "version": "dev-master",
            "source": {
                "type": "git",
                "url": "git@github.com:NetherGamesMC/libVanilla.git",
                "reference": "94fa23886f02306c531ed272b7a97ce54b38b512"
            },
            "dist": {
                "type": "zip",
                "url": "https://api.github.com/repos/NetherGamesMC/libVanilla/zipball/94fa23886f02306c531ed272b7a97ce54b38b512",
                "reference": "94fa23886f02306c531ed272b7a97ce54b38b512",
                "shasum": ""
            },
            "require": {
                "php": "^8.0"
            },
            "require-dev": {
                "nethergamesmc/libphysx": "dev-master",
                "phpstan/phpstan": "1.8.5"
            },
            "default-branch": true,
            "type": "project",
            "autoload": {
                "psr-4": {
                    "libVanilla\\": "/"
                }
            },
            "license": [
                "proprietary"
            ],
            "description": "A Vanilla library for PocketMine-MP",
            "support": {
                "source": "https://github.com/NetherGamesMC/libVanilla/tree/master",
                "issues": "https://github.com/NetherGamesMC/libVanilla/issues"
            },
            "time": "2022-09-18T18:55:59+00:00"
        },
        {
            "name": "nethergamesmc/ngessentials",
            "version": "dev-master",
            "source": {
                "type": "git",
                "url": "git@github.com:NetherGamesMC/NGEssentials.git",
                "reference": "30e55407ccb2ab8c1dc6f9cad5918e1562e3c995"
            },
            "dist": {
                "type": "zip",
                "url": "https://api.github.com/repos/NetherGamesMC/NGEssentials/zipball/30e55407ccb2ab8c1dc6f9cad5918e1562e3c995",
                "reference": "30e55407ccb2ab8c1dc6f9cad5918e1562e3c995",
                "shasum": ""
            },
            "require": {
                "ext-curl": "*",
                "ext-gd": "*",
                "ext-json": "*",
                "ext-mysqli": "*",
                "ext-openssl": "*",
                "ext-pthreads": "*",
                "ext-sockets": "*",
                "ext-yaml": "*",
                "nethergamesmc/libanticheat": "dev-master",
                "nethergamesmc/libasyncio": "dev-master",
                "nethergamesmc/libasyncurl": "dev-master",
                "nethergamesmc/libdiscord": "dev-master",
                "nethergamesmc/libforms": "dev-master",
                "nethergamesmc/liblokilogger": "dev-master",
                "nethergamesmc/libminigames": "dev-master",
                "nethergamesmc/libnetsys": "dev-master",
                "nethergamesmc/libphysx": "dev-master",
                "nethergamesmc/libproxy": "dev-master",
                "nethergamesmc/libreplay": "dev-master",
                "nethergamesmc/libvanilla": "dev-master",
                "php": "^8.0"
            },
            "require-dev": {
                "nethergamesmc/skyblock": "dev-master",
                "phpstan/phpstan": "1.8.5"
            },
            "default-branch": true,
            "type": "project",
            "autoload": {
                "psr-4": {
                    "": [
                        "src"
                    ]
                },
                "files": [
                    "src/NetherGames/NGEssentials/CoreConstants.php"
                ]
            },
            "license": [
                "proprietary"
            ],
            "description": "NGEssentials plugin for PocketMine-MP",
            "support": {
                "source": "https://github.com/NetherGamesMC/NGEssentials/tree/master",
                "issues": "https://github.com/NetherGamesMC/NGEssentials/issues"
            },
            "time": "2022-09-18T18:47:20+00:00"
        },
        {
            "name": "phpstan/phpstan",
            "version": "1.2.0",
            "source": {
                "type": "git",
                "url": "https://github.com/phpstan/phpstan.git",
                "reference": "cbe085f9fdead5b6d62e4c022ca52dc9427a10ee"
            },
            "dist": {
                "type": "zip",
                "url": "https://api.github.com/repos/phpstan/phpstan/zipball/cbe085f9fdead5b6d62e4c022ca52dc9427a10ee",
                "reference": "cbe085f9fdead5b6d62e4c022ca52dc9427a10ee",
                "shasum": ""
            },
            "require": {
                "php": "^7.1|^8.0"
            },
            "conflict": {
                "phpstan/phpstan-shim": "*"
            },
            "bin": [
                "phpstan",
                "phpstan.phar"
            ],
            "type": "library",
            "extra": {
                "branch-alias": {
                    "dev-master": "1.2-dev"
                }
            },
            "autoload": {
                "files": [
                    "bootstrap.php"
                ]
            },
            "notification-url": "https://packagist.org/downloads/",
            "license": [
                "MIT"
            ],
            "description": "PHPStan - PHP Static Analysis Tool",
            "support": {
                "issues": "https://github.com/phpstan/phpstan/issues",
                "source": "https://github.com/phpstan/phpstan/tree/1.2.0"
            },
            "funding": [
                {
                    "url": "https://github.com/ondrejmirtes",
                    "type": "github"
                },
                {
                    "url": "https://github.com/phpstan",
                    "type": "github"
                },
                {
                    "url": "https://www.patreon.com/phpstan",
                    "type": "patreon"
                },
                {
                    "url": "https://tidelift.com/funding/github/packagist/phpstan/phpstan",
                    "type": "tidelift"
                }
            ],
            "time": "2021-11-18T14:09:01+00:00"
        }
    ],
    "aliases": [],
    "minimum-stability": "dev",
    "stability-flags": {
        "nethergamesmc/ngessentials": 20
    },
    "prefer-stable": false,
    "prefer-lowest": false,
    "platform": {
        "php": "^8.0"
    },
    "platform-dev": [],
    "plugin-api-version": "2.3.0"
}
