{
    "_readme": [
        "This file locks the dependencies of your project to a known state",
        "Read more about it at https://getcomposer.org/doc/01-basic-usage.md#installing-dependencies",
        "This file is @generated automatically"
    ],
    "content-hash": "a358b4c79ed16c0eb5dc70789baf0b78",
    "packages": [],
    "packages-dev": [
        {
            "name": "nethergamesmc/libanticheat",
            "version": "dev-master",
            "source": {
                "type": "git",
                "url": "git@github.com:NetherGamesMC/libAnticheat.git",
                "reference": "03b29c9138d98160ced2ba2baecab7707e24f56d"
            },
            "dist": {
                "type": "zip",
                "url": "https://api.github.com/repos/NetherGamesMC/libAnticheat/zipball/03b29c9138d98160ced2ba2baecab7707e24f56d",
                "reference": "03b29c9138d98160ced2ba2baecab7707e24f56d",
                "shasum": ""
            },
            "require": {
                "php": "^8.0"
            },
            "require-dev": {
                "nethergamesmc/ngessentials": "dev-master",
                "phpstan/phpstan": "1.2.0"
            },
            "default-branch": true,
            "type": "project",
            "autoload": {
                "psr-4": {
                    "libAnticheat\\": "/"
                }
            },
            "license": [
                "proprietary"
            ],
            "description": "An AntiCheat library for PocketMine-MP",
            "support": {
                "source": "https://github.com/NetherGamesMC/libAnticheat/tree/master",
                "issues": "https://github.com/NetherGamesMC/libAnticheat/issues"
            },
            "time": "2022-01-17T09:42:17+00:00"
        },
        {
            "name": "nethergamesmc/libasyncio",
            "version": "dev-master",
            "source": {
                "type": "git",
                "url": "git@github.com:NetherGamesMC/libasyncio.git",
                "reference": "cc6ec69066cc699daf71756b6075f6a2e40f9537"
            },
            "dist": {
                "type": "zip",
                "url": "https://api.github.com/repos/NetherGamesMC/libasyncio/zipball/cc6ec69066cc699daf71756b6075f6a2e40f9537",
                "reference": "cc6ec69066cc699daf71756b6075f6a2e40f9537",
                "shasum": ""
            },
            "require": {
                "ext-igbinary": "*",
                "php": "^8.0"
            },
            "require-dev": {
                "nethergamesmc/ngessentials": "dev-master",
                "phpstan/phpstan": "1.2.0"
            },
            "default-branch": true,
            "type": "project",
            "autoload": {
                "psr-4": {
                    "libasyncio\\": "/"
                }
            },
            "license": [
                "proprietary"
            ],
            "description": "An async library for PocketMine-MP",
            "support": {
                "source": "https://github.com/NetherGamesMC/libasyncio/tree/master"
            },
            "time": "2021-12-08T13:56:37+00:00"
        },
        {
            "name": "nethergamesmc/libasyncurl",
            "version": "dev-master",
            "source": {
                "type": "git",
                "url": "https://github.com/NetherGamesMC/libasynCurl.git",
                "reference": "89eced84a22911b7fae30ab584f985416a5e056a"
            },
            "dist": {
                "type": "zip",
                "url": "https://api.github.com/repos/NetherGamesMC/libasynCurl/zipball/89eced84a22911b7fae30ab584f985416a5e056a",
                "reference": "89eced84a22911b7fae30ab584f985416a5e056a",
                "shasum": ""
            },
            "require": {
                "ext-igbinary": "*",
                "php": "^8.0"
            },
            "require-dev": {
                "phpstan/phpstan": "1.4.0"
            },
            "default-branch": true,
            "type": "project",
            "autoload": {
                "psr-4": {
                    "libasynCurl\\": "/"
                }
            },
            "license": [
                "proprietary"
            ],
            "description": "An async Curl library for PocketMine-MP",
            "support": {
                "source": "https://github.com/NetherGamesMC/libasynCurl/tree/master",
                "issues": "https://github.com/NetherGamesMC/libasynCurl/issues"
            },
            "time": "2022-01-17T08:53:35+00:00"
        },
        {
            "name": "nethergamesmc/libdiscord",
            "version": "dev-master",
            "source": {
                "type": "git",
                "url": "git@github.com:NetherGamesMC/libDiscord.git",
                "reference": "b582214ee29dbd292969be3f33f169da86ae1cfe"
            },
            "dist": {
                "type": "zip",
                "url": "https://api.github.com/repos/NetherGamesMC/libDiscord/zipball/b582214ee29dbd292969be3f33f169da86ae1cfe",
                "reference": "b582214ee29dbd292969be3f33f169da86ae1cfe",
                "shasum": ""
            },
            "require": {
                "nethergamesmc/libasyncurl": "dev-master",
                "php": "^8.0"
            },
            "require-dev": {
                "phpstan/phpstan": "1.3.0"
            },
            "default-branch": true,
            "type": "project",
            "autoload": {
                "psr-4": {
                    "libDiscord\\": "/"
                }
            },
            "license": [
                "proprietary"
            ],
            "description": "A library for the Discord API",
            "support": {
                "source": "https://github.com/NetherGamesMC/libDiscord/tree/master",
                "issues": "https://github.com/NetherGamesMC/libDiscord/issues"
            },
            "time": "2021-12-30T17:02:40+00:00"
        },
        {
            "name": "nethergamesmc/libforms",
            "version": "dev-master",
            "source": {
                "type": "git",
                "url": "git@github.com:NetherGamesMC/libforms.git",
                "reference": "5befb489b77ba2bc6ac02de46751ce903ee6c159"
            },
            "dist": {
                "type": "zip",
                "url": "https://api.github.com/repos/NetherGamesMC/libforms/zipball/5befb489b77ba2bc6ac02de46751ce903ee6c159",
                "reference": "5befb489b77ba2bc6ac02de46751ce903ee6c159",
                "shasum": ""
            },
            "require": {
                "php": "^8.0"
            },
            "require-dev": {
                "nethergamesmc/ngessentials": "dev-master",
                "phpstan/phpstan": "1.2.0"
            },
            "default-branch": true,
            "type": "project",
            "autoload": {
                "psr-4": {
                    "libforms\\": "/"
                }
            },
            "license": [
                "proprietary"
            ],
            "description": "A forms library for PocketMine-MP",
            "support": {
                "source": "https://github.com/NetherGamesMC/libforms/tree/master"
            },
            "time": "2022-01-14T16:01:03+00:00"
        },
        {
            "name": "nethergamesmc/liblogdna",
            "version": "dev-master",
            "source": {
                "type": "git",
                "url": "git@github.com:NetherGamesMC/libLogDNA.git",
                "reference": "8a4e65e415320dce3fda20adcaf5ae600ed6b90c"
            },
            "dist": {
                "type": "zip",
                "url": "https://api.github.com/repos/NetherGamesMC/libLogDNA/zipball/8a4e65e415320dce3fda20adcaf5ae600ed6b90c",
                "reference": "8a4e65e415320dce3fda20adcaf5ae600ed6b90c",
                "shasum": ""
            },
            "require": {
                "php": "^8.0"
            },
            "require-dev": {
                "nethergamesmc/ngessentials": "dev-master",
                "phpstan/phpstan": "1.2.0"
            },
            "default-branch": true,
            "type": "project",
            "autoload": {
                "psr-4": {
                    "libLogDNA\\": "/"
                }
            },
            "license": [
                "proprietary"
            ],
            "description": "Library for publishing logs to LogDNA",
            "support": {
                "source": "https://github.com/NetherGamesMC/libLogDNA/tree/master",
                "issues": "https://github.com/NetherGamesMC/libLogDNA/issues"
            },
            "time": "2022-01-10T04:38:26+00:00"
        },
        {
            "name": "nethergamesmc/libminigames",
            "version": "dev-master",
            "source": {
                "type": "git",
                "url": "git@github.com:NetherGamesMC/libminigames.git",
                "reference": "91d60d76868a5e1762a689ac27f1a50065c8d4ca"
            },
            "dist": {
                "type": "zip",
                "url": "https://api.github.com/repos/NetherGamesMC/libminigames/zipball/91d60d76868a5e1762a689ac27f1a50065c8d4ca",
                "reference": "91d60d76868a5e1762a689ac27f1a50065c8d4ca",
                "shasum": ""
            },
            "require": {
                "php": "^8.0"
            },
            "require-dev": {
                "nethergamesmc/ngessentials": "dev-master",
                "phpstan/phpstan": "1.2.0"
            },
            "default-branch": true,
            "type": "project",
            "autoload": {
                "psr-4": {
                    "libminigames\\": "/"
                }
            },
            "license": [
                "proprietary"
            ],
            "description": "A Minigame library for PocketMine-MP",
            "support": {
                "source": "https://github.com/NetherGamesMC/libminigames/tree/master",
                "issues": "https://github.com/NetherGamesMC/libminigames/issues"
            },
            "time": "2022-01-15T18:36:47+00:00"
        },
        {
            "name": "nethergamesmc/libnetsys",
            "version": "dev-master",
            "source": {
                "type": "git",
                "url": "git@github.com:NetherGamesMC/libnetsys.git",
                "reference": "86c66a222db2e767af3b53af44992d74469b67c6"
            },
            "dist": {
                "type": "zip",
                "url": "https://api.github.com/repos/NetherGamesMC/libnetsys/zipball/86c66a222db2e767af3b53af44992d74469b67c6",
                "reference": "86c66a222db2e767af3b53af44992d74469b67c6",
                "shasum": ""
            },
            "require": {
                "ext-pthreads": "*",
                "ext-sockets": "*",
                "php": "^8.0"
            },
            "require-dev": {
                "nethergamesmc/ngessentials": "dev-master",
                "phpstan/phpstan": "1.2.0"
            },
            "default-branch": true,
            "type": "project",
            "autoload": {
                "psr-4": {
                    "libnetsys\\": "/"
                }
            },
            "license": [
                "proprietary"
            ],
            "description": "A NetSys library for PocketMine-MP",
            "support": {
                "source": "https://github.com/NetherGamesMC/libnetsys/tree/master",
                "issues": "https://github.com/NetherGamesMC/libnetsys/issues"
            },
            "time": "2021-12-01T13:48:09+00:00"
        },
        {
            "name": "nethergamesmc/libphysx",
            "version": "dev-master",
            "source": {
                "type": "git",
                "url": "git@github.com:NetherGamesMC/libPhysX.git",
                "reference": "3de70b603f259950f8c861275a50e89537c7acee"
            },
            "dist": {
                "type": "zip",
                "url": "https://api.github.com/repos/NetherGamesMC/libPhysX/zipball/3de70b603f259950f8c861275a50e89537c7acee",
                "reference": "3de70b603f259950f8c861275a50e89537c7acee",
                "shasum": ""
            },
            "require": {
                "php": "^8.0"
            },
            "require-dev": {
                "phpstan/phpstan": "1.4.0"
            },
            "default-branch": true,
            "type": "project",
            "autoload": {
                "psr-4": {
                    "libPhysX\\": "/"
                }
            },
            "license": [
                "proprietary"
            ],
            "description": "An PhysX library for PocketMine-MP",
            "support": {
                "source": "https://github.com/NetherGamesMC/libPhysX/tree/master"
            },
            "time": "2022-01-17T01:09:19+00:00"
        },
        {
            "name": "nethergamesmc/libproxy",
            "version": "dev-master",
            "source": {
                "type": "git",
                "url": "git@github.com:NetherGamesMC/libproxy.git",
                "reference": "aaca2dcf17b6b96d494218bb1e76cecfcd6b5c9c"
            },
            "dist": {
                "type": "zip",
                "url": "https://api.github.com/repos/NetherGamesMC/libproxy/zipball/aaca2dcf17b6b96d494218bb1e76cecfcd6b5c9c",
                "reference": "aaca2dcf17b6b96d494218bb1e76cecfcd6b5c9c",
                "shasum": ""
            },
            "require": {
                "ext-pthreads": "*",
                "ext-sockets": "*",
                "php": "^8.0"
            },
            "require-dev": {
                "nethergamesmc/ngessentials": "dev-master",
                "phpstan/phpstan": "1.2.0"
            },
            "default-branch": true,
            "type": "project",
            "autoload": {
                "psr-4": {
                    "libproxy\\": "/"
                }
            },
            "license": [
                "proprietary"
            ],
            "description": "An TCP proxy library for PocketMine-MP",
            "support": {
                "source": "https://github.com/NetherGamesMC/libproxy/tree/master",
                "issues": "https://github.com/NetherGamesMC/libproxy/issues"
            },
            "time": "2021-12-06T13:16:37+00:00"
        },
        {
            "name": "nethergamesmc/libreplay",
            "version": "dev-master",
            "source": {
                "type": "git",
                "url": "git@github.com:NetherGamesMC/libReplay.git",
                "reference": "6da3b4f64efc7f81af20c6596e57954746539e42"
            },
            "dist": {
                "type": "zip",
                "url": "https://api.github.com/repos/NetherGamesMC/libReplay/zipball/6da3b4f64efc7f81af20c6596e57954746539e42",
                "reference": "6da3b4f64efc7f81af20c6596e57954746539e42",
                "shasum": ""
            },
            "require": {
                "php": "^8.0"
            },
            "require-dev": {
                "nethergamesmc/ngessentials": "dev-master",
                "phpstan/phpstan": "1.2.0"
            },
            "default-branch": true,
            "type": "project",
            "autoload": {
                "psr-4": {
                    "libReplay\\": "/"
                }
            },
            "license": [
                "proprietary"
            ],
            "description": "A Replay library for PocketMine-MP",
            "support": {
                "source": "https://github.com/NetherGamesMC/libReplay/tree/master",
                "issues": "https://github.com/NetherGamesMC/libReplay/issues"
            },
            "time": "2022-01-11T15:53:03+00:00"
        },
        {
            "name": "nethergamesmc/libvanilla",
            "version": "dev-master",
            "source": {
                "type": "git",
                "url": "git@github.com:NetherGamesMC/libVanilla.git",
                "reference": "aac0e7c50017b3706984f99b797bc578d499af6f"
            },
            "dist": {
                "type": "zip",
                "url": "https://api.github.com/repos/NetherGamesMC/libVanilla/zipball/aac0e7c50017b3706984f99b797bc578d499af6f",
                "reference": "aac0e7c50017b3706984f99b797bc578d499af6f",
                "shasum": ""
            },
            "require": {
                "php": "^8.0"
            },
            "require-dev": {
                "nethergamesmc/libphysx": "dev-master",
                "phpstan/phpstan": "1.2.0"
            },
            "default-branch": true,
            "type": "project",
            "autoload": {
                "psr-4": {
                    "libVanilla\\": "/"
                }
            },
            "license": [
                "proprietary"
            ],
            "description": "A Vanilla library for PocketMine-MP",
            "support": {
                "source": "https://github.com/NetherGamesMC/libVanilla/tree/master",
                "issues": "https://github.com/NetherGamesMC/libVanilla/issues"
            },
            "time": "2022-01-15T15:09:33+00:00"
        },
        {
            "name": "nethergamesmc/ngessentials",
            "version": "dev-master",
            "source": {
                "type": "git",
                "url": "git@github.com:NetherGamesMC/NGEssentials.git",
                "reference": "d620e2fab32b97988af3187b2d8012a204324eea"
            },
            "dist": {
                "type": "zip",
                "url": "https://api.github.com/repos/NetherGamesMC/NGEssentials/zipball/d620e2fab32b97988af3187b2d8012a204324eea",
                "reference": "d620e2fab32b97988af3187b2d8012a204324eea",
                "shasum": ""
            },
            "require": {
                "ext-curl": "*",
                "ext-gd": "*",
                "ext-json": "*",
                "ext-mysqli": "*",
                "ext-openssl": "*",
                "ext-pthreads": "*",
                "ext-yaml": "*",
                "nethergamesmc/libanticheat": "dev-master",
                "nethergamesmc/libasyncio": "dev-master",
                "nethergamesmc/libasyncurl": "dev-master",
                "nethergamesmc/libdiscord": "dev-master",
                "nethergamesmc/libforms": "dev-master",
                "nethergamesmc/liblogdna": "dev-master",
                "nethergamesmc/libminigames": "dev-master",
                "nethergamesmc/libnetsys": "dev-master",
                "nethergamesmc/libphysx": "dev-master",
                "nethergamesmc/libproxy": "dev-master",
                "nethergamesmc/libreplay": "dev-master",
                "nethergamesmc/libvanilla": "dev-master",
                "php": "^8.0"
            },
            "require-dev": {
                "nethergamesmc/skyblock": "dev-master",
                "phpstan/phpstan": "1.2.0"
            },
            "default-branch": true,
            "type": "project",
            "autoload": {
                "psr-4": {
                    "": [
                        "src"
                    ]
                },
                "files": [
                    "src/NetherGames/NGEssentials/CoreConstants.php"
                ]
            },
            "license": [
                "proprietary"
            ],
            "description": "NGEssentials plugin for PocketMine-MP",
            "support": {
                "source": "https://github.com/NetherGamesMC/NGEssentials/tree/master",
                "issues": "https://github.com/NetherGamesMC/NGEssentials/issues"
            },
            "time": "2022-01-18T15:31:47+00:00"
        },
        {
            "name": "phpstan/phpstan",
            "version": "1.2.0",
            "source": {
                "type": "git",
                "url": "https://github.com/phpstan/phpstan.git",
                "reference": "cbe085f9fdead5b6d62e4c022ca52dc9427a10ee"
            },
            "dist": {
                "type": "zip",
                "url": "https://api.github.com/repos/phpstan/phpstan/zipball/cbe085f9fdead5b6d62e4c022ca52dc9427a10ee",
                "reference": "cbe085f9fdead5b6d62e4c022ca52dc9427a10ee",
                "shasum": ""
            },
            "require": {
                "php": "^7.1|^8.0"
            },
            "conflict": {
                "phpstan/phpstan-shim": "*"
            },
            "bin": [
                "phpstan",
                "phpstan.phar"
            ],
            "type": "library",
            "extra": {
                "branch-alias": {
                    "dev-master": "1.2-dev"
                }
            },
            "autoload": {
                "files": [
                    "bootstrap.php"
                ]
            },
            "notification-url": "https://packagist.org/downloads/",
            "license": [
                "MIT"
            ],
            "description": "PHPStan - PHP Static Analysis Tool",
            "support": {
                "issues": "https://github.com/phpstan/phpstan/issues",
                "source": "https://github.com/phpstan/phpstan/tree/1.2.0"
            },
            "funding": [
                {
                    "url": "https://github.com/ondrejmirtes",
                    "type": "github"
                },
                {
                    "url": "https://github.com/phpstan",
                    "type": "github"
                },
                {
                    "url": "https://www.patreon.com/phpstan",
                    "type": "patreon"
                },
                {
                    "url": "https://tidelift.com/funding/github/packagist/phpstan/phpstan",
                    "type": "tidelift"
                }
            ],
            "time": "2021-11-18T14:09:01+00:00"
        }
    ],
    "aliases": [],
    "minimum-stability": "dev",
    "stability-flags": {
        "nethergamesmc/ngessentials": 20
    },
    "prefer-stable": false,
    "prefer-lowest": false,
    "platform": {
        "php": "^8.0"
    },
    "platform-dev": [],
    "plugin-api-version": "2.1.0"
}
